PODS:
  - AFNetworking (3.2.1):
    - AFNetworking/NSURLSession (= 3.2.1)
    - AFNetworking/Reachability (= 3.2.1)
    - AFNetworking/Security (= 3.2.1)
    - AFNetworking/Serialization (= 3.2.1)
    - AFNetworking/UIKit (= 3.2.1)
  - AFNetworking/NSURLSession (3.2.1):
    - AFNetworking/Reachability
    - AFNetworking/Security
    - AFNetworking/Serialization
  - AFNetworking/Reachability (3.2.1)
  - AFNetworking/Security (3.2.1)
  - AFNetworking/Serialization (3.2.1)
  - AFNetworking/UIKit (3.2.1):
    - AFNetworking/NSURLSession
  - BGFMDB (2.0.13):
    - BGFMDB/BG (= 2.0.13)
    - BGFMDB/FMDB (= 2.0.13)
  - BGFMDB/BG (2.0.13):
    - BGFMDB/FMDB
  - BGFMDB/FMDB (2.0.13)
  - CocoaAsyncSocket (7.6.5)
  - CSSerVice (1.0.3):
    - MBProgressHUD (~> 1.1.0)
  - FCUUID (1.3.1):
    - UICKeyChainStore (~> 2.1.0)
  - GJRedDot (1.1.1):
    - GJRedDot/GJDeallocBlockExecutor (= 1.1.1)
  - GJRedDot/GJDeallocBlockExecutor (1.1.1)
  - IN3SAnalyticsSDK (2.0.1):
    - AFNetworking (~> 3.2.1)
    - BGFMDB (~> 2.0.13)
    - FCUUID
    - IVGameLibrary
    - JSONModel
  - IQKeyboardManager (5.0.8)
  - IVCacheLibrary (1.0.7)
  - IVCheckNetworkLibrary (1.0.25):
    - CocoaAsyncSocket
    - IVCheckNetworkLibrary/Classes (= 1.0.25)
    - IVLoganAnalysis
    - IVNetworkLibrary2.0
    - IVPublicAPILibrary
  - IVCheckNetworkLibrary/Classes (1.0.25):
    - CocoaAsyncSocket
    - IVCheckNetworkLibrary/Classes/Http (= 1.0.25)
    - IVCheckNetworkLibrary/Classes/Models (= 1.0.25)
    - IVCheckNetworkLibrary/Classes/SDK (= 1.0.25)
    - IVCheckNetworkLibrary/Classes/UI (= 1.0.25)
    - IVLoganAnalysis
    - IVNetworkLibrary2.0
    - IVPublicAPILibrary
  - IVCheckNetworkLibrary/Classes/Http (1.0.25):
    - CocoaAsyncSocket
    - IVCheckNetworkLibrary/Classes/Models
    - IVLoganAnalysis
    - IVNetworkLibrary2.0
    - IVPublicAPILibrary
  - IVCheckNetworkLibrary/Classes/Models (1.0.25):
    - CocoaAsyncSocket
    - IVLoganAnalysis
    - IVNetworkLibrary2.0
    - IVPublicAPILibrary
  - IVCheckNetworkLibrary/Classes/SDK (1.0.25):
    - CocoaAsyncSocket
    - IVCheckNetworkLibrary/Classes/SDK/Ping (= 1.0.25)
    - IVLoganAnalysis
    - IVNetworkLibrary2.0
    - IVPublicAPILibrary
  - IVCheckNetworkLibrary/Classes/SDK/Ping (1.0.25):
    - CocoaAsyncSocket
    - IVLoganAnalysis
    - IVNetworkLibrary2.0
    - IVPublicAPILibrary
  - IVCheckNetworkLibrary/Classes/UI (1.0.25):
    - CocoaAsyncSocket
    - IVCheckNetworkLibrary/Classes/Http
    - IVCheckNetworkLibrary/Classes/SDK/Ping
    - IVLoganAnalysis
    - IVNetworkLibrary2.0
    - IVPublicAPILibrary
  - IVGameLibrary (2.0.16):
    - IVGameLibrary/GameController (= 2.0.16)
  - IVGameLibrary/GameController (2.0.16)
  - IVHeartPacketLibrary (0.0.4):
    - CocoaAsyncSocket (~> 7.6.2)
  - IVLoganAnalysis (0.1.22):
    - AFNetworking (~> 3.2.1)
    - BGFMDB (~> 2.0.13)
    - IVLoganAnalysis/PayegisDIDSDK (= 0.1.22)
    - IVLoganAnalysis/Tool (= 0.1.22)
  - IVLoganAnalysis/PayegisDIDSDK (0.1.22):
    - AFNetworking (~> 3.2.1)
    - BGFMDB (~> 2.0.13)
  - IVLoganAnalysis/Tool (0.1.22):
    - AFNetworking (~> 3.2.1)
    - BGFMDB (~> 2.0.13)
  - IVNetworkLibrary2.0 (2.2.25):
    - AFNetworking (~> 3.2.1)
    - BGFMDB (~> 2.0.9)
    - FCUUID (~> 1.3.1)
    - IVCacheLibrary
    - IVNetworkLibrary2.0/Base (= 2.2.25)
    - IVNetworkLibrary2.0/Business (= 2.2.25)
    - JSONModel (~> 1.7.0)
    - UICKeyChainStore (~> 2.1.2)
  - IVNetworkLibrary2.0/Base (2.2.25):
    - AFNetworking (~> 3.2.1)
    - BGFMDB (~> 2.0.9)
    - FCUUID (~> 1.3.1)
    - IVCacheLibrary
    - JSONModel (~> 1.7.0)
    - UICKeyChainStore (~> 2.1.2)
  - IVNetworkLibrary2.0/Business (2.2.25):
    - AFNetworking (~> 3.2.1)
    - BGFMDB (~> 2.0.9)
    - FCUUID (~> 1.3.1)
    - IVCacheLibrary
    - IVNetworkLibrary2.0/Business/Category (= 2.2.25)
    - IVNetworkLibrary2.0/Business/Common (= 2.2.25)
    - IVNetworkLibrary2.0/Business/Http (= 2.2.25)
    - IVNetworkLibrary2.0/Business/Model (= 2.2.25)
    - IVNetworkLibrary2.0/Business/SDK (= 2.2.25)
    - JSONModel (~> 1.7.0)
    - UICKeyChainStore (~> 2.1.2)
  - IVNetworkLibrary2.0/Business/Category (2.2.25):
    - AFNetworking (~> 3.2.1)
    - BGFMDB (~> 2.0.9)
    - FCUUID (~> 1.3.1)
    - IVCacheLibrary
    - JSONModel (~> 1.7.0)
    - UICKeyChainStore (~> 2.1.2)
  - IVNetworkLibrary2.0/Business/Common (2.2.25):
    - AFNetworking (~> 3.2.1)
    - BGFMDB (~> 2.0.9)
    - FCUUID (~> 1.3.1)
    - IVCacheLibrary
    - JSONModel (~> 1.7.0)
    - UICKeyChainStore (~> 2.1.2)
  - IVNetworkLibrary2.0/Business/Http (2.2.25):
    - AFNetworking (~> 3.2.1)
    - BGFMDB (~> 2.0.9)
    - FCUUID (~> 1.3.1)
    - IVCacheLibrary
    - IVNetworkLibrary2.0/Base
    - IVNetworkLibrary2.0/Business/Category
    - IVNetworkLibrary2.0/Business/Common
    - IVNetworkLibrary2.0/Business/Model
    - IVNetworkLibrary2.0/Business/SDK/Sign
    - JSONModel (~> 1.7.0)
    - UICKeyChainStore (~> 2.1.2)
  - IVNetworkLibrary2.0/Business/Model (2.2.25):
    - AFNetworking (~> 3.2.1)
    - BGFMDB (~> 2.0.9)
    - FCUUID (~> 1.3.1)
    - IVCacheLibrary
    - JSONModel (~> 1.7.0)
    - UICKeyChainStore (~> 2.1.2)
  - IVNetworkLibrary2.0/Business/SDK (2.2.25):
    - AFNetworking (~> 3.2.1)
    - BGFMDB (~> 2.0.9)
    - FCUUID (~> 1.3.1)
    - IVCacheLibrary
    - IVNetworkLibrary2.0/Business/SDK/Sign (= 2.2.25)
    - JSONModel (~> 1.7.0)
    - UICKeyChainStore (~> 2.1.2)
  - IVNetworkLibrary2.0/Business/SDK/Sign (2.2.25):
    - AFNetworking (~> 3.2.1)
    - BGFMDB (~> 2.0.9)
    - FCUUID (~> 1.3.1)
    - IVCacheLibrary
    - JSONModel (~> 1.7.0)
    - UICKeyChainStore (~> 2.1.2)
  - IVPublicAPILibrary (1.0.11):
    - IVNetworkLibrary2.0
    - IVPublicAPILibrary/Models (= 1.0.11)
  - IVPublicAPILibrary/Models (1.0.11):
    - IVNetworkLibrary2.0
  - IVPushLibrary (1.0.6):
    - IVPushLibrary/Classes (= 1.0.6)
  - IVPushLibrary/Classes (1.0.6)
  - IVUpdateLibrary (1.0.1)
  - IVUZIPLibrary (1.0.6):
    - ZipArchive (~> 1.4.0)
  - IVWebViewLibrary (1.0.12):
    - IVWebViewLibrary/IVWebViewLibrary (= 1.0.12)
    - JSONModel (~> 1.7.0)
    - MJExtension (~> 3.0.15.1)
  - IVWebViewLibrary/IVWebViewLibrary (1.0.12):
    - JSONModel (~> 1.7.0)
    - MJExtension (~> 3.0.15.1)
  - JSONModel (1.7.0)
  - Masonry (1.1.0)
  - MBProgressHUD (1.1.0)
  - MJExtension (3.0.15.1)
  - MJRefresh (3.6.1)
  - UICKeyChainStore (2.1.2)
  - YYImage (1.0.4):
    - YYImage/Core (= 1.0.4)
  - YYImage/Core (1.0.4)
  - YYModel (1.0.4)
  - ZipArchive (1.4.0)

DEPENDENCIES:
  - CocoaAsyncSocket (~> 7.6.3)
  - CSSerVice (from `http://10.66.72.115/mobile-iOS-library/ocss-webview-sdk-demo-ios.git`, tag `1.0.3`)
  - FCUUID
  - GJRedDot
  - IN3SAnalyticsSDK (from `http://10.66.72.115/mobile-iOS-library/IV3SLibrary.git`)
  - IQKeyboardManager (~> 5.0.6)
  - IVCacheLibrary (from `http://10.66.72.115/mobile-iOS-Library/IVCacheLibrary.git`)
  - IVCheckNetworkLibrary (from `http://10.66.72.115/mobile-iOS-Library/IVCheckNetworkLibrary.git`)
  - IVGameLibrary (from `http://10.66.72.115/mobile-iOS-Library/IVGameLibrary.git`, branch `v2.0`)
  - IVHeartPacketLibrary (from `http://10.66.72.115/mobile-iOS-Library/IVHeartPacketLibrary.git`)
  - IVLoganAnalysis (from `http://10.66.72.115/mobile-iOS-Library/IVLoganAnalysis.git`)
  - IVNetworkLibrary2.0 (from `http://10.66.72.115/mobile-iOS-Library/IVNetworkLibrary2.0.git`)
  - IVPublicAPILibrary (from `http://10.66.72.115/mobile-iOS-Library/IVPublicAPILibrary.git`)
  - IVPushLibrary (from `http://10.66.72.115/mobile-iOS-Library/IVPushLibrary.git`)
  - IVUpdateLibrary (from `http://10.66.72.115/mobile-iOS-Library/IVUpdateLibrary.git`)
  - IVUZIPLibrary (from `http://10.66.72.115/mobile-iOS-Library/IVUZIPLibrary.git`)
  - IVWebViewLibrary (from `http://10.66.72.115/mobile-iOS-Library/IVWebViewLibrary.git`, branch `1.0`)
  - JSONModel
  - Masonry (~> 1.1.0)
  - MBProgressHUD (~> 1.1.0)
  - MJExtension (~> 3.0.15.1)
  - MJRefresh
  - YYImage
  - YYModel

SPEC REPOS:
  https://github.com/cocoapods/specs.git:
    - AFNetworking
    - BGFMDB
    - CocoaAsyncSocket
    - FCUUID
    - GJRedDot
    - IQKeyboardManager
    - JSONModel
    - Masonry
    - MBProgressHUD
    - MJExtension
    - MJRefresh
    - UICKeyChainStore
    - YYImage
    - YYModel
    - ZipArchive

EXTERNAL SOURCES:
  CSSerVice:
    :git: http://10.66.72.115/mobile-iOS-library/ocss-webview-sdk-demo-ios.git
    :tag: 1.0.3
  IN3SAnalyticsSDK:
    :git: http://10.66.72.115/mobile-iOS-library/IV3SLibrary.git
  IVCacheLibrary:
    :git: http://10.66.72.115/mobile-iOS-Library/IVCacheLibrary.git
  IVCheckNetworkLibrary:
    :git: http://10.66.72.115/mobile-iOS-Library/IVCheckNetworkLibrary.git
  IVGameLibrary:
    :branch: v2.0
    :git: http://10.66.72.115/mobile-iOS-Library/IVGameLibrary.git
  IVHeartPacketLibrary:
    :git: http://10.66.72.115/mobile-iOS-Library/IVHeartPacketLibrary.git
  IVLoganAnalysis:
    :git: http://10.66.72.115/mobile-iOS-Library/IVLoganAnalysis.git
  IVNetworkLibrary2.0:
    :git: http://10.66.72.115/mobile-iOS-Library/IVNetworkLibrary2.0.git
  IVPublicAPILibrary:
    :git: http://10.66.72.115/mobile-iOS-Library/IVPublicAPILibrary.git
  IVPushLibrary:
    :git: http://10.66.72.115/mobile-iOS-Library/IVPushLibrary.git
  IVUpdateLibrary:
    :git: http://10.66.72.115/mobile-iOS-Library/IVUpdateLibrary.git
  IVUZIPLibrary:
    :git: http://10.66.72.115/mobile-iOS-Library/IVUZIPLibrary.git
  IVWebViewLibrary:
    :branch: '1.0'
    :git: http://10.66.72.115/mobile-iOS-Library/IVWebViewLibrary.git

CHECKOUT OPTIONS:
  CSSerVice:
    :git: http://10.66.72.115/mobile-iOS-library/ocss-webview-sdk-demo-ios.git
    :tag: 1.0.3
  IN3SAnalyticsSDK:
    :commit: 695843053cd20edfe842658e866447826b36523a
    :git: http://10.66.72.115/mobile-iOS-library/IV3SLibrary.git
  IVCacheLibrary:
    :commit: 5ca6edb5297a5191a3c5e96679577a7696d384cd
    :git: http://10.66.72.115/mobile-iOS-Library/IVCacheLibrary.git
  IVCheckNetworkLibrary:
    :commit: a4d94eb629a77e2dea652d59e28653399dae568f
    :git: http://10.66.72.115/mobile-iOS-Library/IVCheckNetworkLibrary.git
  IVGameLibrary:
    :commit: a8cd06b3e7c4aae6fd7bfb68c4c2b3994c690e75
    :git: http://10.66.72.115/mobile-iOS-Library/IVGameLibrary.git
  IVHeartPacketLibrary:
    :commit: cb81f459cb55163fd8493d0a62ea5339089703fc
    :git: http://10.66.72.115/mobile-iOS-Library/IVHeartPacketLibrary.git
  IVLoganAnalysis:
    :commit: 9675d2dc7354019704ba9b66e9e64f7f1573b907
    :git: http://10.66.72.115/mobile-iOS-Library/IVLoganAnalysis.git
  IVNetworkLibrary2.0:
    :commit: cddac8a6ff03a8790ceae02184f68703aceb2c65
    :git: http://10.66.72.115/mobile-iOS-Library/IVNetworkLibrary2.0.git
  IVPublicAPILibrary:
    :commit: 5881a9c7394dfbd90be4b99e70e1130d23815eba
    :git: http://10.66.72.115/mobile-iOS-Library/IVPublicAPILibrary.git
  IVPushLibrary:
    :commit: 757556ee1e11842e7b1f16d112da93feafd92b12
    :git: http://10.66.72.115/mobile-iOS-Library/IVPushLibrary.git
  IVUpdateLibrary:
    :commit: df0862352f18086b765b31889d61fbf5b7b33190
    :git: http://10.66.72.115/mobile-iOS-Library/IVUpdateLibrary.git
  IVUZIPLibrary:
    :commit: 84f1f093de76ba0836d147ff48e3004c1649edf7
    :git: http://10.66.72.115/mobile-iOS-Library/IVUZIPLibrary.git
  IVWebViewLibrary:
    :commit: d047823530ffe454425c84490692189ee8661f28
    :git: http://10.66.72.115/mobile-iOS-Library/IVWebViewLibrary.git

SPEC CHECKSUMS:
  AFNetworking: b6f891fdfaed196b46c7a83cf209e09697b94057
  BGFMDB: 48e6823027232402a678acc7f71484b1fc9171d0
  CocoaAsyncSocket: 065fd1e645c7abab64f7a6a2007a48038fdc6a99
  CSSerVice: 187d62778a8673fb715c52ad36c5c9f62ce17369
  FCUUID: bb054fc90cd7cd99320f9f6ff8e130fe607fba05
  GJRedDot: de661162a700f3395f0cd70f3629e4d3abe8e181
  IN3SAnalyticsSDK: 977242e401a22c9cc8cc30ae32c4409594c5e158
  IQKeyboardManager: 266cb7b1d11f94a3e71229d77f960f9a1b538e5b
  IVCacheLibrary: d0407d79d52e86595c7ab95eb483d022b466f221
  IVCheckNetworkLibrary: 83c18ffa7d2d5f2ee19d2f8fad635214332f6671
  IVGameLibrary: 5d5c392c178954d058c90488d0ee43cfb229dfb8
  IVHeartPacketLibrary: 2a122b1d8cedf8346b4898ace4736147cf9a0405
  IVLoganAnalysis: 0fd5d2acf0ee367d4b25bb4959d51265450d8d8b
  IVNetworkLibrary2.0: 92fcbf464b7754ccc5761cca64e95a6d6cf8a1ab
  IVPublicAPILibrary: b75a5eba545579d06bf55eddc04ed1dc6b704090
  IVPushLibrary: 1449c4630124564b61535ef95ca6cc611177f35a
  IVUpdateLibrary: f5764f4cdfcf7919b37a1a2533aae0ff541d5c2d
  IVUZIPLibrary: fcb8036d85eaab2d1ed2fea31908ded84a95a7b5
  IVWebViewLibrary: 237bc12985487b66dde411ebb3a7b14c255d1b87
  JSONModel: 840bc0fcffb24b8454d2c026bf26fea454b8e98d
  Masonry: 678fab65091a9290e40e2832a55e7ab731aad201
  MBProgressHUD: e7baa36a220447d8aeb12769bf0585582f3866d9
  MJExtension: 19bc33ce2eee2d319760f5622562cf581a6ff756
  MJRefresh: d2c1970d1cf6e77fcfcdfe76c943dfab8dbfa5c1
  UICKeyChainStore: 85db518bb1d294366d15ec9b92a416c4e670518f
  YYImage: 1e1b62a9997399593e4b9c4ecfbbabbf1d3f3b54
  YYModel: 2a7fdd96aaa4b86a824e26d0c517de8928c04b30
  ZipArchive: e25a4373192673e3229ac8d6e9f64a3e5713c966

PODFILE CHECKSUM: 6a47b5ba6165c76ec44fbd42109defa4af157d09

COCOAPODS: 1.7.2
