PODS:
  - AFNetworking (3.2.1):
    - AFNetworking/NSURLSession (= 3.2.1)
    - AFNetworking/Reachability (= 3.2.1)
    - AFNetworking/Security (= 3.2.1)
    - AFNetworking/Serialization (= 3.2.1)
    - AFNetworking/UIKit (= 3.2.1)
  - AFNetworking/NSURLSession (3.2.1):
    - AFNetworking/Reachability
    - AFNetworking/Security
    - AFNetworking/Serialization
  - AFNetworking/Reachability (3.2.1)
  - AFNetworking/Security (3.2.1)
  - AFNetworking/Serialization (3.2.1)
  - AFNetworking/UIKit (3.2.1):
    - AFNetworking/NSURLSession
  - BRPickerView (2.2.1)
  - CocoaAsyncSocket (7.6.3)
  - FCUUID (1.3.1):
    - UICKeyChainStore (~> 2.1.0)
  - FMDB (2.7.5):
    - FMDB/standard (= 2.7.5)
  - FMDB/standard (2.7.5)
  - GJRedDot (1.1.1):
    - GJRedDot/GJDeallocBlockExecutor (= 1.1.1)
  - GJRedDot/GJDeallocBlockExecutor (1.1.1)
  - IVGameLibrary (0.0.9):
    - IVGameLibrary/GameController (= 0.0.9)
  - IVGameLibrary/GameController (0.0.9)
  - IVNetworkLibrary (0.0.8):
    - AFNetworking (~> 3.2.1)
    - FCUUID (~> 1.3.1)
    - IVNetworkLibrary/IVNetwork (= 0.0.8)
    - JSONModel (~> 1.7.0)
    - UICKeyChainStore (~> 2.1.2)
    - YTKNetwork (~> 2.0.4)
    - ZipArchive (~> 1.4.0)
  - IVNetworkLibrary/IVNetwork (0.0.8):
    - AFNetworking (~> 3.2.1)
    - FCUUID (~> 1.3.1)
    - JSONModel (~> 1.7.0)
    - UICKeyChainStore (~> 2.1.2)
    - YTKNetwork (~> 2.0.4)
    - ZipArchive (~> 1.4.0)
  - IVWebViewLibrary (0.0.5):
    - IVWebViewLibrary/IVWebViewLibrary (= 0.0.5)
    - JSONModel (~> 1.7.0)
    - MJExtension (~> 3.0.15.1)
  - IVWebViewLibrary/IVWebViewLibrary (0.0.5):
    - JSONModel (~> 1.7.0)
    - MJExtension (~> 3.0.15.1)
  - JSONModel (1.7.0)
  - Masonry (1.1.0)
  - MBProgressHUD (1.1.0)
  - MJExtension (3.0.15.1)
  - MJRefresh (3.1.15.7)
  - SDWebImage (4.4.2):
    - SDWebImage/Core (= 4.4.2)
  - SDWebImage/Core (4.4.2)
  - SQLiteRepairKit (1.2.1):
    - WCDBOptimizedSQLCipher (~> 1.2.0)
  - TXScrollLabelView (1.3.2)
  - UICKeyChainStore (2.1.2)
  - WCDB (1.0.7.5):
    - SQLiteRepairKit (~> 1.2.0)
    - WCDBOptimizedSQLCipher (~> 1.2.0)
  - WCDBOptimizedSQLCipher (1.2.1)
  - YTKNetwork (2.0.4):
    - AFNetworking (~> 3.0)
  - YYImage (1.0.4):
    - YYImage/Core (= 1.0.4)
  - YYImage/Core (1.0.4)
  - ZipArchive (1.4.0)

DEPENDENCIES:
  - BRPickerView
  - CocoaAsyncSocket (~> 7.6.3)
  - FMDB
  - GJRedDot
  - IVGameLibrary (from `http://10.66.72.115/mobile-iOS/IVGameLibrary.git`)
  - IVNetworkLibrary (from `http://10.66.72.115/mobile-iOS/IVNetworkLibrary.git`)
  - IVWebViewLibrary (from `http://10.66.72.115/mobile-iOS/IVWebViewLibrary.git`)
  - JSONModel (~> 1.7.0)
  - Masonry (~> 1.1.0)
  - MBProgressHUD (~> 1.1.0)
  - MJExtension (~> 3.0.15.1)
  - MJRefresh
  - SDWebImage
  - TXScrollLabelView
  - WCDB
  - YYImage

SPEC REPOS:
  https://github.com/cocoapods/specs.git:
    - AFNetworking
    - BRPickerView
    - CocoaAsyncSocket
    - FCUUID
    - FMDB
    - GJRedDot
    - JSONModel
    - Masonry
    - MBProgressHUD
    - MJExtension
    - MJRefresh
    - SDWebImage
    - SQLiteRepairKit
    - TXScrollLabelView
    - UICKeyChainStore
    - WCDB
    - WCDBOptimizedSQLCipher
    - YTKNetwork
    - YYImage
    - ZipArchive

EXTERNAL SOURCES:
  IVGameLibrary:
    :git: http://10.66.72.115/mobile-iOS/IVGameLibrary.git
  IVNetworkLibrary:
    :git: http://10.66.72.115/mobile-iOS/IVNetworkLibrary.git
  IVWebViewLibrary:
    :git: http://10.66.72.115/mobile-iOS/IVWebViewLibrary.git

CHECKOUT OPTIONS:
  IVGameLibrary:
    :commit: 8f0558f1d76f660630691594d134653e2ef5971b
    :git: http://10.66.72.115/mobile-iOS/IVGameLibrary.git
  IVNetworkLibrary:
    :commit: a1682dcbf3434f182bed0a9d93979fc69ffa30fa
    :git: http://10.66.72.115/mobile-iOS/IVNetworkLibrary.git
  IVWebViewLibrary:
    :commit: 814b5d6b3f9688fba2bf88f57c6d804572ae6ba0
    :git: http://10.66.72.115/mobile-iOS/IVWebViewLibrary.git

SPEC CHECKSUMS:
  AFNetworking: b6f891fdfaed196b46c7a83cf209e09697b94057
  BRPickerView: 0590a8c5de9bd98c6b4e4f117a3dff6de287d5b2
  CocoaAsyncSocket: eafaa68a7e0ec99ead0a7b35015e0bf25d2c8987
  FCUUID: bb054fc90cd7cd99320f9f6ff8e130fe607fba05
  FMDB: 2ce00b547f966261cd18927a3ddb07cb6f3db82a
  GJRedDot: de661162a700f3395f0cd70f3629e4d3abe8e181
  IVGameLibrary: ae04169993848eca4eda1503ca97648c0b0a8dd4
  IVNetworkLibrary: a318798c12d17545b86b2859e907cc5be945ad13
  IVWebViewLibrary: 3251073252c9e6e6539c63e16c47b102edcd98eb
  JSONModel: 840bc0fcffb24b8454d2c026bf26fea454b8e98d
  Masonry: 678fab65091a9290e40e2832a55e7ab731aad201
  MBProgressHUD: e7baa36a220447d8aeb12769bf0585582f3866d9
  MJExtension: 19bc33ce2eee2d319760f5622562cf581a6ff756
  MJRefresh: 697f8ec75ebdbe9207767bb682cf0f51b0d8a41f
  SDWebImage: 624d6e296c69b244bcede364c72ae0430ac14681
  SQLiteRepairKit: 4d21bab9eff6a273f63da6815a0d1659e53f5bde
  TXScrollLabelView: 0e1650caf61198bf5dc0938ea6493254aeb80f90
  UICKeyChainStore: 85db518bb1d294366d15ec9b92a416c4e670518f
  WCDB: 8e90babdeb7784c569353a4bd22a66c0a175a882
  WCDBOptimizedSQLCipher: baf44493b0c7a3d49e97bc5b64a3856f6428ddd1
  YTKNetwork: df8a7a5597bda1664a4efaa7ef871a818a887fe0
  YYImage: 1e1b62a9997399593e4b9c4ecfbbabbf1d3f3b54
  ZipArchive: e25a4373192673e3229ac8d6e9f64a3e5713c966

PODFILE CHECKSUM: 666d627462870671c114406a59ceedb0d5148715

COCOAPODS: 1.6.0.beta.1
